// !$*UTF8*$!
{
	archiveVersion = 1;
	classes = {
	};
	objectVersion = 56;
	objects = {

/* Begin PBXBuildFile section */
		2F8D2BF0294456EB002AA901 /* AppMain.swift in Sources */ = {isa = PBXBuildFile; fileRef = 2F8D2BEF294456EB002AA901 /* AppMain.swift */; };
		2F8D2BF2294456EB002AA901 /* ContentView.swift in Sources */ = {isa = PBXBuildFile; fileRef = 2F8D2BF1294456EB002AA901 /* ContentView.swift */; };
		2F8D2BF4294456EC002AA901 /* Assets.xcassets in Resources */ = {isa = PBXBuildFile; fileRef = 2F8D2BF3294456EC002AA901 /* Assets.xcassets */; };
		2F8D2BF7294456EC002AA901 /* Preview Assets.xcassets in Resources */ = {isa = PBXBuildFile; fileRef = 2F8D2BF6294456EC002AA901 /* Preview Assets.xcassets */; };
		2F8D2C00294458D8002AA901 /* Entities.xcdatamodeld in Sources */ = {isa = PBXBuildFile; fileRef = 2F8D2BFE294458D8002AA901 /* Entities.xcdatamodeld */; };
		2F8D2C032944599C002AA901 /* DataController.swift in Sources */ = {isa = PBXBuildFile; fileRef = 2F8D2C022944599C002AA901 /* DataController.swift */; };
		2F8D2C05294466A9002AA901 /* ReviewListView.swift in Sources */ = {isa = PBXBuildFile; fileRef = 2F8D2C04294466A9002AA901 /* ReviewListView.swift */; };
		2F8D2C0829446763002AA901 /* Review+CoreDataClass.swift in Sources */ = {isa = PBXBuildFile; fileRef = 2F8D2C0629446763002AA901 /* Review+CoreDataClass.swift */; };
		2F8D2C0B29446984002AA901 /* DetailView.swift in Sources */ = {isa = PBXBuildFile; fileRef = 2F8D2C0A29446984002AA901 /* DetailView.swift */; };
		2F8D2C0D29447A47002AA901 /* RenderView.swift in Sources */ = {isa = PBXBuildFile; fileRef = 2F8D2C0C29447A47002AA901 /* RenderView.swift */; };
		2F8D2C0F29453AA3002AA901 /* RatingView.swift in Sources */ = {isa = PBXBuildFile; fileRef = 2F8D2C0E29453AA3002AA901 /* RatingView.swift */; };
		2F8D2C1129453B95002AA901 /* ReviewListRowView.swift in Sources */ = {isa = PBXBuildFile; fileRef = 2F8D2C1029453B95002AA901 /* ReviewListRowView.swift */; };
		2F8D2C1329453CCC002AA901 /* SettingsView.swift in Sources */ = {isa = PBXBuildFile; fileRef = 2F8D2C1229453CCC002AA901 /* SettingsView.swift */; };
/* End PBXBuildFile section */

/* Begin PBXFileReference section */
		2F8D2BEC294456EB002AA901 /* Bookworm.app */ = {isa = PBXFileReference; explicitFileType = wrapper.application; includeInIndex = 0; path = Bookworm.app; sourceTree = BUILT_PRODUCTS_DIR; };
		2F8D2BEF294456EB002AA901 /* AppMain.swift */ = {isa = PBXFileReference; lastKnownFileType = sourcecode.swift; path = AppMain.swift; sourceTree = "<group>"; };
		2F8D2BF1294456EB002AA901 /* ContentView.swift */ = {isa = PBXFileReference; lastKnownFileType = sourcecode.swift; path = ContentView.swift; sourceTree = "<group>"; };
		2F8D2BF3294456EC002AA901 /* Assets.xcassets */ = {isa = PBXFileReference; lastKnownFileType = folder.assetcatalog; path = Assets.xcassets; sourceTree = "<group>"; };
		2F8D2BF6294456EC002AA901 /* Preview Assets.xcassets */ = {isa = PBXFileReference; lastKnownFileType = folder.assetcatalog; path = "Preview Assets.xcassets"; sourceTree = "<group>"; };
		2F8D2BF8294456EC002AA901 /* Bookworm.entitlements */ = {isa = PBXFileReference; lastKnownFileType = text.plist.entitlements; path = Bookworm.entitlements; sourceTree = "<group>"; };
		2F8D2BFF294458D8002AA901 /* Entities.xcdatamodel */ = {isa = PBXFileReference; lastKnownFileType = wrapper.xcdatamodel; path = Entities.xcdatamodel; sourceTree = "<group>"; };
		2F8D2C022944599C002AA901 /* DataController.swift */ = {isa = PBXFileReference; lastKnownFileType = sourcecode.swift; path = DataController.swift; sourceTree = "<group>"; };
		2F8D2C04294466A9002AA901 /* ReviewListView.swift */ = {isa = PBXFileReference; lastKnownFileType = sourcecode.swift; path = ReviewListView.swift; sourceTree = "<group>"; };
		2F8D2C0629446763002AA901 /* Review+CoreDataClass.swift */ = {isa = PBXFileReference; lastKnownFileType = sourcecode.swift; path = "Review+CoreDataClass.swift"; sourceTree = "<group>"; };
		2F8D2C0A29446984002AA901 /* DetailView.swift */ = {isa = PBXFileReference; lastKnownFileType = sourcecode.swift; path = DetailView.swift; sourceTree = "<group>"; };
		2F8D2C0C29447A47002AA901 /* RenderView.swift */ = {isa = PBXFileReference; lastKnownFileType = sourcecode.swift; path = RenderView.swift; sourceTree = "<group>"; };
		2F8D2C0E29453AA3002AA901 /* RatingView.swift */ = {isa = PBXFileReference; lastKnownFileType = sourcecode.swift; path = RatingView.swift; sourceTree = "<group>"; };
		2F8D2C1029453B95002AA901 /* ReviewListRowView.swift */ = {isa = PBXFileReference; lastKnownFileType = sourcecode.swift; path = ReviewListRowView.swift; sourceTree = "<group>"; };
		2F8D2C1229453CCC002AA901 /* SettingsView.swift */ = {isa = PBXFileReference; lastKnownFileType = sourcecode.swift; path = SettingsView.swift; sourceTree = "<group>"; };
/* End PBXFileReference section */

/* Begin PBXFrameworksBuildPhase section */
		2F8D2BE9294456EB002AA901 /* Frameworks */ = {
			isa = PBXFrameworksBuildPhase;
			buildActionMask = 2147483647;
			files = (
			);
			runOnlyForDeploymentPostprocessing = 0;
		};
/* End PBXFrameworksBuildPhase section */

/* Begin PBXGroup section */
		2F8D2BE3294456EB002AA901 = {
			isa = PBXGroup;
			children = (
				2F8D2BEE294456EB002AA901 /* Bookworm */,
				2F8D2BED294456EB002AA901 /* Products */,
			);
			sourceTree = "<group>";
		};
		2F8D2BED294456EB002AA901 /* Products */ = {
			isa = PBXGroup;
			children = (
				2F8D2BEC294456EB002AA901 /* Bookworm.app */,
			);
			name = Products;
			sourceTree = "<group>";
		};
		2F8D2BEE294456EB002AA901 /* Bookworm */ = {
			isa = PBXGroup;
			children = (
				2F8D2BEF294456EB002AA901 /* AppMain.swift */,
				2F8D2BF1294456EB002AA901 /* ContentView.swift */,
				2F8D2C04294466A9002AA901 /* ReviewListView.swift */,
				2F8D2C1029453B95002AA901 /* ReviewListRowView.swift */,
				2F8D2C0A29446984002AA901 /* DetailView.swift */,
				2F8D2C0C29447A47002AA901 /* RenderView.swift */,
				2F8D2C0E29453AA3002AA901 /* RatingView.swift */,
				2F8D2C1229453CCC002AA901 /* SettingsView.swift */,
				2F8D2C0129445992002AA901 /* Data */,
				2F8D2BF3294456EC002AA901 /* Assets.xcassets */,
				2F8D2BF8294456EC002AA901 /* Bookworm.entitlements */,
				2F8D2BF5294456EC002AA901 /* Preview Content */,
			);
			path = Bookworm;
			sourceTree = "<group>";
		};
		2F8D2BF5294456EC002AA901 /* Preview Content */ = {
			isa = PBXGroup;
			children = (
				2F8D2BF6294456EC002AA901 /* Preview Assets.xcassets */,
			);
			path = "Preview Content";
			sourceTree = "<group>";
		};
		2F8D2C0129445992002AA901 /* Data */ = {
			isa = PBXGroup;
			children = (
				2F8D2C022944599C002AA901 /* DataController.swift */,
				2F8D2C0629446763002AA901 /* Review+CoreDataClass.swift */,
				2F8D2BFE294458D8002AA901 /* Entities.xcdatamodeld */,
			);
			path = Data;
			sourceTree = "<group>";
		};
/* End PBXGroup section */

/* Begin PBXNativeTarget section */
		2F8D2BEB294456EB002AA901 /* Bookworm */ = {
			isa = PBXNativeTarget;
			buildConfigurationList = 2F8D2BFB294456EC002AA901 /* Build configuration list for PBXNativeTarget "Bookworm" */;
			buildPhases = (
				2F8D2BE8294456EB002AA901 /* Sources */,
				2F8D2BE9294456EB002AA901 /* Frameworks */,
				2F8D2BEA294456EB002AA901 /* Resources */,
			);
			buildRules = (
			);
			dependencies = (
			);
			name = Bookworm;
			productName = Bookworm;
			productReference = 2F8D2BEC294456EB002AA901 /* Bookworm.app */;
			productType = "com.apple.product-type.application";
		};
/* End PBXNativeTarget section */

/* Begin PBXProject section */
		2F8D2BE4294456EB002AA901 /* Project object */ = {
			isa = PBXProject;
			attributes = {
				BuildIndependentTargetsInParallel = 1;
				LastSwiftUpdateCheck = 1410;
				LastUpgradeCheck = 1410;
				TargetAttributes = {
					2F8D2BEB294456EB002AA901 = {
						CreatedOnToolsVersion = 14.1;
					};
				};
			};
			buildConfigurationList = 2F8D2BE7294456EB002AA901 /* Build configuration list for PBXProject "Bookworm" */;
			compatibilityVersion = "Xcode 14.0";
			developmentRegion = en;
			hasScannedForEncodings = 0;
			knownRegions = (
				en,
				Base,
			);
			mainGroup = 2F8D2BE3294456EB002AA901;
			productRefGroup = 2F8D2BED294456EB002AA901 /* Products */;
			projectDirPath = "";
			projectRoot = "";
			targets = (
				2F8D2BEB294456EB002AA901 /* Bookworm */,
			);
		};
/* End PBXProject section */

/* Begin PBXResourcesBuildPhase section */
		2F8D2BEA294456EB002AA901 /* Resources */ = {
			isa = PBXResourcesBuildPhase;
			buildActionMask = 2147483647;
			files = (
				2F8D2BF7294456EC002AA901 /* Preview Assets.xcassets in Resources */,
				2F8D2BF4294456EC002AA901 /* Assets.xcassets in Resources */,
			);
			runOnlyForDeploymentPostprocessing = 0;
		};
/* End PBXResourcesBuildPhase section */

/* Begin PBXSourcesBuildPhase section */
		2F8D2BE8294456EB002AA901 /* Sources */ = {
			isa = PBXSourcesBuildPhase;
			buildActionMask = 2147483647;
			files = (
				2F8D2BF2294456EB002AA901 /* ContentView.swift in Sources */,
				2F8D2C05294466A9002AA901 /* ReviewListView.swift in Sources */,
				2F8D2C032944599C002AA901 /* DataController.swift in Sources */,
				2F8D2C0F29453AA3002AA901 /* RatingView.swift in Sources */,
				2F8D2C0B29446984002AA901 /* DetailView.swift in Sources */,
				2F8D2BF0294456EB002AA901 /* AppMain.swift in Sources */,
				2F8D2C00294458D8002AA901 /* Entities.xcdatamodeld in Sources */,
				2F8D2C1129453B95002AA901 /* ReviewListRowView.swift in Sources */,
				2F8D2C0D29447A47002AA901 /* RenderView.swift in Sources */,
				2F8D2C0829446763002AA901 /* Review+CoreDataClass.swift in Sources */,
				2F8D2C1329453CCC002AA901 /* SettingsView.swift in Sources */,
			);
			runOnlyForDeploymentPostprocessing = 0;
		};
/* End PBXSourcesBuildPhase section */

/* Begin XCBuildConfiguration section */
		2F8D2BF9294456EC002AA901 /* Debug */ = {
			isa = XCBuildConfiguration;
			buildSettings = {
				ALWAYS_SEARCH_USER_PATHS = NO;
				CLANG_ANALYZER_NONNULL = YES;
				CLANG_ANALYZER_NUMBER_OBJECT_CONVERSION = YES_AGGRESSIVE;
				CLANG_CXX_LANGUAGE_STANDARD = "gnu++20";
				CLANG_ENABLE_MODULES = YES;
				CLANG_ENABLE_OBJC_ARC = YES;
				CLANG_ENABLE_OBJC_WEAK = YES;
				CLANG_WARN_BLOCK_CAPTURE_AUTORELEASING = YES;
				CLANG_WARN_BOOL_CONVERSION = YES;
				CLANG_WARN_COMMA = YES;
				CLANG_WARN_CONSTANT_CONVERSION = YES;
				CLANG_WARN_DEPRECATED_OBJC_IMPLEMENTATIONS = YES;
				CLANG_WARN_DIRECT_OBJC_ISA_USAGE = YES_ERROR;
				CLANG_WARN_DOCUMENTATION_COMMENTS = YES;
				CLANG_WARN_EMPTY_BODY = YES;
				CLANG_WARN_ENUM_CONVERSION = YES;
				CLANG_WARN_INFINITE_RECURSION = YES;
				CLANG_WARN_INT_CONVERSION = YES;
				CLANG_WARN_NON_LITERAL_NULL_CONVERSION = YES;
				CLANG_WARN_OBJC_IMPLICIT_RETAIN_SELF = YES;
				CLANG_WARN_OBJC_LITERAL_CONVERSION = YES;
				CLANG_WARN_OBJC_ROOT_CLASS = YES_ERROR;
				CLANG_WARN_QUOTED_INCLUDE_IN_FRAMEWORK_HEADER = YES;
				CLANG_WARN_RANGE_LOOP_ANALYSIS = YES;
				CLANG_WARN_STRICT_PROTOTYPES = YES;
				CLANG_WARN_SUSPICIOUS_MOVE = YES;
				CLANG_WARN_UNGUARDED_AVAILABILITY = YES_AGGRESSIVE;
				CLANG_WARN_UNREACHABLE_CODE = YES;
				CLANG_WARN__DUPLICATE_METHOD_MATCH = YES;
				COPY_PHASE_STRIP = NO;
				DEBUG_INFORMATION_FORMAT = dwarf;
				ENABLE_STRICT_OBJC_MSGSEND = YES;
				ENABLE_TESTABILITY = YES;
				GCC_C_LANGUAGE_STANDARD = gnu11;
				GCC_DYNAMIC_NO_PIC = NO;
				GCC_NO_COMMON_BLOCKS = YES;
				GCC_OPTIMIZATION_LEVEL = 0;
				GCC_PREPROCESSOR_DEFINITIONS = (
					"DEBUG=1",
					"$(inherited)",
				);
				GCC_WARN_64_TO_32_BIT_CONVERSION = YES;
				GCC_WARN_ABOUT_RETURN_TYPE = YES_ERROR;
				GCC_WARN_UNDECLARED_SELECTOR = YES;
				GCC_WARN_UNINITIALIZED_AUTOS = YES_AGGRESSIVE;
				GCC_WARN_UNUSED_FUNCTION = YES;
				GCC_WARN_UNUSED_VARIABLE = YES;
				MACOSX_DEPLOYMENT_TARGET = 13.0;
				MTL_ENABLE_DEBUG_INFO = INCLUDE_SOURCE;
				MTL_FAST_MATH = YES;
				ONLY_ACTIVE_ARCH = YES;
				SDKROOT = macosx;
				SWIFT_ACTIVE_COMPILATION_CONDITIONS = DEBUG;
				SWIFT_OPTIMIZATION_LEVEL = "-Onone";
			};
			name = Debug;
		};
		2F8D2BFA294456EC002AA901 /* Release */ = {
			isa = XCBuildConfiguration;
			buildSettings = {
				ALWAYS_SEARCH_USER_PATHS = NO;
				CLANG_ANALYZER_NONNULL = YES;
				CLANG_ANALYZER_NUMBER_OBJECT_CONVERSION = YES_AGGRESSIVE;
				CLANG_CXX_LANGUAGE_STANDARD = "gnu++20";
				CLANG_ENABLE_MODULES = YES;
				CLANG_ENABLE_OBJC_ARC = YES;
				CLANG_ENABLE_OBJC_WEAK = YES;
				CLANG_WARN_BLOCK_CAPTURE_AUTORELEASING = YES;
				CLANG_WARN_BOOL_CONVERSION = YES;
				CLANG_WARN_COMMA = YES;
				CLANG_WARN_CONSTANT_CONVERSION = YES;
				CLANG_WARN_DEPRECATED_OBJC_IMPLEMENTATIONS = YES;
				CLANG_WARN_DIRECT_OBJC_ISA_USAGE = YES_ERROR;
				CLANG_WARN_DOCUMENTATION_COMMENTS = YES;
				CLANG_WARN_EMPTY_BODY = YES;
				CLANG_WARN_ENUM_CONVERSION = YES;
				CLANG_WARN_INFINITE_RECURSION = YES;
				CLANG_WARN_INT_CONVERSION = YES;
				CLANG_WARN_NON_LITERAL_NULL_CONVERSION = YES;
				CLANG_WARN_OBJC_IMPLICIT_RETAIN_SELF = YES;
				CLANG_WARN_OBJC_LITERAL_CONVERSION = YES;
				CLANG_WARN_OBJC_ROOT_CLASS = YES_ERROR;
				CLANG_WARN_QUOTED_INCLUDE_IN_FRAMEWORK_HEADER = YES;
				CLANG_WARN_RANGE_LOOP_ANALYSIS = YES;
				CLANG_WARN_STRICT_PROTOTYPES = YES;
				CLANG_WARN_SUSPICIOUS_MOVE = YES;
				CLANG_WARN_UNGUARDED_AVAILABILITY = YES_AGGRESSIVE;
				CLANG_WARN_UNREACHABLE_CODE = YES;
				CLANG_WARN__DUPLICATE_METHOD_MATCH = YES;
				COPY_PHASE_STRIP = NO;
				DEBUG_INFORMATION_FORMAT = "dwarf-with-dsym";
				ENABLE_NS_ASSERTIONS = NO;
				ENABLE_STRICT_OBJC_MSGSEND = YES;
				GCC_C_LANGUAGE_STANDARD = gnu11;
				GCC_NO_COMMON_BLOCKS = YES;
				GCC_WARN_64_TO_32_BIT_CONVERSION = YES;
				GCC_WARN_ABOUT_RETURN_TYPE = YES_ERROR;
				GCC_WARN_UNDECLARED_SELECTOR = YES;
				GCC_WARN_UNINITIALIZED_AUTOS = YES_AGGRESSIVE;
				GCC_WARN_UNUSED_FUNCTION = YES;
				GCC_WARN_UNUSED_VARIABLE = YES;
				MACOSX_DEPLOYMENT_TARGET = 13.0;
				MTL_ENABLE_DEBUG_INFO = NO;
				MTL_FAST_MATH = YES;
				SDKROOT = macosx;
				SWIFT_COMPILATION_MODE = wholemodule;
				SWIFT_OPTIMIZATION_LEVEL = "-O";
			};
			name = Release;
		};
		2F8D2BFC294456EC002AA901 /* Debug */ = {
			isa = XCBuildConfiguration;
			buildSettings = {
				ASSETCATALOG_COMPILER_APPICON_NAME = AppIcon;
				ASSETCATALOG_COMPILER_GLOBAL_ACCENT_COLOR_NAME = AccentColor;
				CODE_SIGN_ENTITLEMENTS = Bookworm/Bookworm.entitlements;
				CODE_SIGN_STYLE = Automatic;
				COMBINE_HIDPI_IMAGES = YES;
				CURRENT_PROJECT_VERSION = 1;
				DEVELOPMENT_ASSET_PATHS = "\"Bookworm/Preview Content\"";
				DEVELOPMENT_TEAM = 4BP826FJGX;
				ENABLE_HARDENED_RUNTIME = YES;
				ENABLE_PREVIEWS = YES;
				GENERATE_INFOPLIST_FILE = YES;
				INFOPLIST_KEY_NSHumanReadableCopyright = "";
				LD_RUNPATH_SEARCH_PATHS = (
					"$(inherited)",
					"@executable_path/../Frameworks",
				);
				MARKETING_VERSION = 1.0;
				PRODUCT_BUNDLE_IDENTIFIER = dev.neurothrone.Bookworm;
				PRODUCT_NAME = "$(TARGET_NAME)";
				SWIFT_EMIT_LOC_STRINGS = YES;
				SWIFT_VERSION = 5.0;
			};
			name = Debug;
		};
		2F8D2BFD294456EC002AA901 /* Release */ = {
			isa = XCBuildConfiguration;
			buildSettings = {
				ASSETCATALOG_COMPILER_APPICON_NAME = AppIcon;
				ASSETCATALOG_COMPILER_GLOBAL_ACCENT_COLOR_NAME = AccentColor;
				CODE_SIGN_ENTITLEMENTS = Bookworm/Bookworm.entitlements;
				CODE_SIGN_STYLE = Automatic;
				COMBINE_HIDPI_IMAGES = YES;
				CURRENT_PROJECT_VERSION = 1;
				DEVELOPMENT_ASSET_PATHS = "\"Bookworm/Preview Content\"";
				DEVELOPMENT_TEAM = 4BP826FJGX;
				ENABLE_HARDENED_RUNTIME = YES;
				ENABLE_PREVIEWS = YES;
				GENERATE_INFOPLIST_FILE = YES;
				INFOPLIST_KEY_NSHumanReadableCopyright = "";
				LD_RUNPATH_SEARCH_PATHS = (
					"$(inherited)",
					"@executable_path/../Frameworks",
				);
				MARKETING_VERSION = 1.0;
				PRODUCT_BUNDLE_IDENTIFIER = dev.neurothrone.Bookworm;
				PRODUCT_NAME = "$(TARGET_NAME)";
				SWIFT_EMIT_LOC_STRINGS = YES;
				SWIFT_VERSION = 5.0;
			};
			name = Release;
		};
/* End XCBuildConfiguration section */

/* Begin XCConfigurationList section */
		2F8D2BE7294456EB002AA901 /* Build configuration list for PBXProject "Bookworm" */ = {
			isa = XCConfigurationList;
			buildConfigurations = (
				2F8D2BF9294456EC002AA901 /* Debug */,
				2F8D2BFA294456EC002AA901 /* Release */,
			);
			defaultConfigurationIsVisible = 0;
			defaultConfigurationName = Release;
		};
		2F8D2BFB294456EC002AA901 /* Build configuration list for PBXNativeTarget "Bookworm" */ = {
			isa = XCConfigurationList;
			buildConfigurations = (
				2F8D2BFC294456EC002AA901 /* Debug */,
				2F8D2BFD294456EC002AA901 /* Release */,
			);
			defaultConfigurationIsVisible = 0;
			defaultConfigurationName = Release;
		};
/* End XCConfigurationList section */

/* Begin XCVersionGroup section */
		2F8D2BFE294458D8002AA901 /* Entities.xcdatamodeld */ = {
			isa = XCVersionGroup;
			children = (
				2F8D2BFF294458D8002AA901 /* Entities.xcdatamodel */,
			);
			currentVersion = 2F8D2BFF294458D8002AA901 /* Entities.xcdatamodel */;
			path = Entities.xcdatamodeld;
			sourceTree = "<group>";
			versionGroupType = wrapper.xcdatamodel;
		};
/* End XCVersionGroup section */
	};
	rootObject = 2F8D2BE4294456EB002AA901 /* Project object */;
}
